Microsoft Visual Studio Solution File, Format Version 11.00
# Visual Studio 2008

Project("{4ACA5EE9-A087-FB92-18BF-B662FE92605C}") = "Rainbow", "Assembly-CSharp-firstpass-vs.csproj", "{5A29CB94-BFA3-5919-BBFB-0A674B00C454}"
EndProject
Project("{4ACA5EE9-A087-FB92-18BF-B662FE92605C}") = "Rainbow", "Assembly-CSharp-Editor-vs.csproj", "{7D24290D-E1CC-3016-DFE4-10663E54EF92}"
EndProject
Global
	GlobalSection(SolutionConfigurationPlatforms) = preSolution
		Debug|Any CPU = Debug|Any CPU
		Release|Any CPU = Release|Any CPU
	EndGlobalSection
	GlobalSection(ProjectConfigurationPlatforms) = postSolution
		{5A29CB94-BFA3-5919-BBFB-0A674B00C454}.Debug|Any CPU.ActiveCfg = Debug|Any CPU
		{5A29CB94-BFA3-5919-BBFB-0A674B00C454}.Debug|Any CPU.Build.0 = Debug|Any CPU
		{5A29CB94-BFA3-5919-BBFB-0A674B00C454}.Release|Any CPU.ActiveCfg = Release|Any CPU
		{5A29CB94-BFA3-5919-BBFB-0A674B00C454}.Release|Any CPU.Build.0 = Release|Any CPU
		{7D24290D-E1CC-3016-DFE4-10663E54EF92}.Debug|Any CPU.ActiveCfg = Debug|Any CPU
		{7D24290D-E1CC-3016-DFE4-10663E54EF92}.Debug|Any CPU.Build.0 = Debug|Any CPU
		{7D24290D-E1CC-3016-DFE4-10663E54EF92}.Release|Any CPU.ActiveCfg = Release|Any CPU
		{7D24290D-E1CC-3016-DFE4-10663E54EF92}.Release|Any CPU.Build.0 = Release|Any CPU
	EndGlobalSection
	GlobalSection(SolutionProperties) = preSolution
		HideSolutionNode = FALSE
	EndGlobalSection
																																																																																																																																																																																																																																													GlobalSection(MonoDevelopProperties) = preSolution
=======
																																																																																																																																																																																																																								GlobalSection(MonoDevelopProperties) = preSolution
>>>>>>> origin/Development
=======
<<<<<<< HEAD
=======
>>>>>>> 8781f4f9eeffc3832aa7c9a3ed21267eb6ab9d2c
																																																																																																																																																																																																																											GlobalSection(MonoDevelopProperties) = preSolution
=======
																																																																																																																																																																																																																								GlobalSection(MonoDevelopProperties) = preSolution
>>>>>>> origin/Development
<<<<<<< HEAD
>>>>>>> origin/Development
=======
>>>>>>> 8781f4f9eeffc3832aa7c9a3ed21267eb6ab9d2c
		StartupItem = Assembly-CSharp.csproj
		Policies = $0
		$0.TextStylePolicy = $1
		$1.inheritsSet = null
		$1.scope = text/x-csharp
		$0.CSharpFormattingPolicy = $2
		$2.inheritsSet = Mono
		$2.inheritsScope = text/x-csharp
		$2.scope = text/x-csharp
		$0.TextStylePolicy = $3
		$3.FileWidth = 120
		$3.TabWidth = 4
		$3.EolMarker = Unix
		$3.inheritsSet = Mono
		$3.inheritsScope = text/plain
		$3.scope = text/plain
	EndGlobalSection

EndGlobal
